{
  "name": "@bjia56/portable-python-3.9",
  "version": "0.1.1",
  "lockfileVersion": 3,
  "requires": true,
  "packages": {
    "": {
      "name": "@bjia56/portable-python-3.9",
      "version": "0.1.1",
      "hasInstallScript": true,
      "license": "Apache-2.0",
      "dependencies": {
        "@bjia56/portable-python": "^0.0.6"
      }
    },
    "node_modules/@bjia56/portable-python": {
      "version": "0.0.6",
      "resolved": "https://registry.npmjs.org/@bjia56/portable-python/-/portable-python-0.0.6.tgz",
      "integrity": "sha512-hB2k/yMUQgXy1bms/OfNHYilxGO27SLtr0Jdl8js1SxWNVld2xUiCRV9dv4uh/ahqpcXjF2a33855xkjSrVCNQ==",
      "dependencies": {
        "adm-zip": "^0.5.10"
      }
    },
    "node_modules/adm-zip": {
      "version": "0.5.10",
      "resolved": "https://registry.npmjs.org/adm-zip/-/adm-zip-0.5.10.tgz",
      "integrity": "sha512-x0HvcHqVJNTPk/Bw8JbLWlWoo6Wwnsug0fnYYro1HBrjxZ3G7/AZk7Ahv8JwDe1uIcz8eBqvu86FuF1POiG7vQ==",
      "engines": {
        "node": ">=6.0"
      }
    }
  }
}
